
Microsoft Visual Studio Solution File, Format Version 12.00
# Visual Studio Version 16
VisualStudioVersion = 16.0.30413.136
MinimumVisualStudioVersion = 10.0.40219.1
Project("{FAE04EC0-301F-11D3-BF4B-00C04F79EFBC}") = "ChiikinSoft.DistributedLocker", "src\ChiikinSoft.DistributedLocker\ChiikinSoft.DistributedLocker.csproj", "{A3CE0538-CF75-4140-8832-34230FEE74D3}"
EndProject
Project("{FAE04EC0-301F-11D3-BF4B-00C04F79EFBC}") = "ChiikinSoft.DistributedLocker.CSRedis", "src\ChiikinSoft.DistributedLocker.CSRedis\ChiikinSoft.DistributedLocker.CSRedis.csproj", "{1A49788F-C8C9-4D8F-A199-25DC92B8E42C}"
EndProject
Project("{FAE04EC0-301F-11D3-BF4B-00C04F79EFBC}") = "ChiikinSoft.DistributedLocker.Redis", "src\ChiikinSoft.DistributedLocker.Redis\ChiikinSoft.DistributedLocker.Redis.csproj", "{783C6FAC-1846-4EE6-987C-B11760A5ED38}"
EndProject
Global
	GlobalSection(SolutionConfigurationPlatforms) = preSolution
		Debug|Any CPU = Debug|Any CPU
		Release|Any CPU = Release|Any CPU
	EndGlobalSection
	GlobalSection(ProjectConfigurationPlatforms) = postSolution
		{A3CE0538-CF75-4140-8832-34230FEE74D3}.Debug|Any CPU.ActiveCfg = Debug|Any CPU
		{A3CE0538-CF75-4140-8832-34230FEE74D3}.Debug|Any CPU.Build.0 = Debug|Any CPU
		{A3CE0538-CF75-4140-8832-34230FEE74D3}.Release|Any CPU.ActiveCfg = Release|Any CPU
		{A3CE0538-CF75-4140-8832-34230FEE74D3}.Release|Any CPU.Build.0 = Release|Any CPU
		{1A49788F-C8C9-4D8F-A199-25DC92B8E42C}.Debug|Any CPU.ActiveCfg = Debug|Any CPU
		{1A49788F-C8C9-4D8F-A199-25DC92B8E42C}.Debug|Any CPU.Build.0 = Debug|Any CPU
		{1A49788F-C8C9-4D8F-A199-25DC92B8E42C}.Release|Any CPU.ActiveCfg = Release|Any CPU
		{1A49788F-C8C9-4D8F-A199-25DC92B8E42C}.Release|Any CPU.Build.0 = Release|Any CPU
		{783C6FAC-1846-4EE6-987C-B11760A5ED38}.Debug|Any CPU.ActiveCfg = Debug|Any CPU
		{783C6FAC-1846-4EE6-987C-B11760A5ED38}.Debug|Any CPU.Build.0 = Debug|Any CPU
		{783C6FAC-1846-4EE6-987C-B11760A5ED38}.Release|Any CPU.ActiveCfg = Release|Any CPU
		{783C6FAC-1846-4EE6-987C-B11760A5ED38}.Release|Any CPU.Build.0 = Release|Any CPU
	EndGlobalSection
	GlobalSection(SolutionProperties) = preSolution
		HideSolutionNode = FALSE
	EndGlobalSection
	GlobalSection(ExtensibilityGlobals) = postSolution
		SolutionGuid = {DE9B2FAB-C0A2-4B4C-B0B3-70A6A55896FD}
	EndGlobalSection
EndGlobal
